
Microsoft Visual Studio Solution File, Format Version 12.00
# Visual Studio 15
VisualStudioVersion = 15.0.28307.902
MinimumVisualStudioVersion = 10.0.40219.1
Project("{9A19103F-16F7-4668-BE54-9A1E7A4F7556}") = "BLS", "BLS\BLS.csproj", "{20BDAE94-3126-40E5-B64E-34456F2D7106}"
EndProject
Project("{FAE04EC0-301F-11D3-BF4B-00C04F79EFBC}") = "BLS.Tests", "BLS.Tests\BLS.Tests.csproj", "{FA838ABB-2458-4298-B362-07D0F5186C45}"
EndProject
Project("{FAE04EC0-301F-11D3-BF4B-00C04F79EFBC}") = "BLS.ArangoStorage", "BLS.ArangoStorage\BLS.ArangoStorage.csproj", "{40BE3744-BC90-4394-898C-51EA6EC51A51}"
EndProject
Global
	GlobalSection(SolutionConfigurationPlatforms) = preSolution
		Debug|Any CPU = Debug|Any CPU
		Release|Any CPU = Release|Any CPU
	EndGlobalSection
	GlobalSection(ProjectConfigurationPlatforms) = postSolution
		{20BDAE94-3126-40E5-B64E-34456F2D7106}.Debug|Any CPU.ActiveCfg = Debug|Any CPU
		{20BDAE94-3126-40E5-B64E-34456F2D7106}.Debug|Any CPU.Build.0 = Debug|Any CPU
		{20BDAE94-3126-40E5-B64E-34456F2D7106}.Release|Any CPU.ActiveCfg = Release|Any CPU
		{20BDAE94-3126-40E5-B64E-34456F2D7106}.Release|Any CPU.Build.0 = Release|Any CPU
		{FA838ABB-2458-4298-B362-07D0F5186C45}.Debug|Any CPU.ActiveCfg = Debug|Any CPU
		{FA838ABB-2458-4298-B362-07D0F5186C45}.Debug|Any CPU.Build.0 = Debug|Any CPU
		{FA838ABB-2458-4298-B362-07D0F5186C45}.Release|Any CPU.ActiveCfg = Release|Any CPU
		{FA838ABB-2458-4298-B362-07D0F5186C45}.Release|Any CPU.Build.0 = Release|Any CPU
		{40BE3744-BC90-4394-898C-51EA6EC51A51}.Debug|Any CPU.ActiveCfg = Debug|Any CPU
		{40BE3744-BC90-4394-898C-51EA6EC51A51}.Debug|Any CPU.Build.0 = Debug|Any CPU
		{40BE3744-BC90-4394-898C-51EA6EC51A51}.Release|Any CPU.ActiveCfg = Release|Any CPU
		{40BE3744-BC90-4394-898C-51EA6EC51A51}.Release|Any CPU.Build.0 = Release|Any CPU
	EndGlobalSection
	GlobalSection(SolutionProperties) = preSolution
		HideSolutionNode = FALSE
	EndGlobalSection
	GlobalSection(ExtensibilityGlobals) = postSolution
		SolutionGuid = {E7085D01-7BE6-43CB-86D8-E1810CAA09DA}
	EndGlobalSection
EndGlobal
